
Microsoft Visual Studio Solution File, Format Version 12.00
# Visual Studio Version 16
VisualStudioVersion = 16.0.29709.97
MinimumVisualStudioVersion = 10.0.40219.1
Project("{FAE04EC0-301F-11D3-BF4B-00C04F79EFBC}") = "zadanie4", "zadanie4\zadanie4.csproj", "{09E29DCB-C65A-4ECD-BC9B-BB54BFF2B8CB}"
EndProject
Global
	GlobalSection(SolutionConfigurationPlatforms) = preSolution
		Debug|Any CPU = Debug|Any CPU
		Release|Any CPU = Release|Any CPU
	EndGlobalSection
	GlobalSection(ProjectConfigurationPlatforms) = postSolution
		{09E29DCB-C65A-4ECD-BC9B-BB54BFF2B8CB}.Debug|Any CPU.ActiveCfg = Debug|Any CPU
		{09E29DCB-C65A-4ECD-BC9B-BB54BFF2B8CB}.Debug|Any CPU.Build.0 = Debug|Any CPU
		{09E29DCB-C65A-4ECD-BC9B-BB54BFF2B8CB}.Release|Any CPU.ActiveCfg = Release|Any CPU
		{09E29DCB-C65A-4ECD-BC9B-BB54BFF2B8CB}.Release|Any CPU.Build.0 = Release|Any CPU
	EndGlobalSection
	GlobalSection(SolutionProperties) = preSolution
		HideSolutionNode = FALSE
	EndGlobalSection
	GlobalSection(ExtensibilityGlobals) = postSolution
		SolutionGuid = {691D819C-A7EF-4457-8F88-CA6093EFE884}
	EndGlobalSection
EndGlobal
